{
  "pins" : [
    {
      "identity" : "selectable-calendar-view",
      "kind" : "remoteSourceControl",
      "location" : "https://github.com/mszpro/Selectable-Calendar-View.git",
      "state" : {
        "branch" : "main",
        "revision" : "ab1e1c93d2d8092c1d931c1d29dd25ee47055ffc"
      }
    }
  ],
  "version" : 2
}
